
Microsoft Visual Studio Solution File, Format Version 12.00
# Visual Studio Version 17
VisualStudioVersion = 17.4.33103.184
MinimumVisualStudioVersion = 10.0.40219.1
Project("{FAE04EC0-301F-11D3-BF4B-00C04F79EFBC}") = "Ex30", "Ex30.csproj", "{265ED14F-CDD5-4FA2-AB41-D534D4CD9F1D}"
EndProject
Global
	GlobalSection(SolutionConfigurationPlatforms) = preSolution
		Debug|Any CPU = Debug|Any CPU
		Release|Any CPU = Release|Any CPU
	EndGlobalSection
	GlobalSection(ProjectConfigurationPlatforms) = postSolution
		{265ED14F-CDD5-4FA2-AB41-D534D4CD9F1D}.Debug|Any CPU.ActiveCfg = Debug|Any CPU
		{265ED14F-CDD5-4FA2-AB41-D534D4CD9F1D}.Debug|Any CPU.Build.0 = Debug|Any CPU
		{265ED14F-CDD5-4FA2-AB41-D534D4CD9F1D}.Release|Any CPU.ActiveCfg = Release|Any CPU
		{265ED14F-CDD5-4FA2-AB41-D534D4CD9F1D}.Release|Any CPU.Build.0 = Release|Any CPU
	EndGlobalSection
	GlobalSection(SolutionProperties) = preSolution
		HideSolutionNode = FALSE
	EndGlobalSection
	GlobalSection(ExtensibilityGlobals) = postSolution
		SolutionGuid = {C17EF089-2A26-4364-BC66-0295F2E1F4BE}
	EndGlobalSection
EndGlobal
