
Microsoft Visual Studio Solution File, Format Version 12.00
# Visual Studio Version 17
VisualStudioVersion = 17.4.33103.184
MinimumVisualStudioVersion = 10.0.40219.1
Project("{FAE04EC0-301F-11D3-BF4B-00C04F79EFBC}") = "Ex6", "Ex6.csproj", "{E4A04127-32FA-4D9C-93E0-A0DE7C85C23D}"
EndProject
Global
	GlobalSection(SolutionConfigurationPlatforms) = preSolution
		Debug|Any CPU = Debug|Any CPU
		Release|Any CPU = Release|Any CPU
	EndGlobalSection
	GlobalSection(ProjectConfigurationPlatforms) = postSolution
		{E4A04127-32FA-4D9C-93E0-A0DE7C85C23D}.Debug|Any CPU.ActiveCfg = Debug|Any CPU
		{E4A04127-32FA-4D9C-93E0-A0DE7C85C23D}.Debug|Any CPU.Build.0 = Debug|Any CPU
		{E4A04127-32FA-4D9C-93E0-A0DE7C85C23D}.Release|Any CPU.ActiveCfg = Release|Any CPU
		{E4A04127-32FA-4D9C-93E0-A0DE7C85C23D}.Release|Any CPU.Build.0 = Release|Any CPU
	EndGlobalSection
	GlobalSection(SolutionProperties) = preSolution
		HideSolutionNode = FALSE
	EndGlobalSection
	GlobalSection(ExtensibilityGlobals) = postSolution
		SolutionGuid = {A65CADBE-F295-4E95-BBC0-C9833B123FBB}
	EndGlobalSection
EndGlobal
