
Microsoft Visual Studio Solution File, Format Version 12.00
# Visual Studio Version 17
VisualStudioVersion = 17.4.33103.184
MinimumVisualStudioVersion = 10.0.40219.1
Project("{FAE04EC0-301F-11D3-BF4B-00C04F79EFBC}") = "Ex11", "Ex11.csproj", "{F39DEDDA-7E5E-4BE0-B536-C007F9B96728}"
EndProject
Global
	GlobalSection(SolutionConfigurationPlatforms) = preSolution
		Debug|Any CPU = Debug|Any CPU
		Release|Any CPU = Release|Any CPU
	EndGlobalSection
	GlobalSection(ProjectConfigurationPlatforms) = postSolution
		{F39DEDDA-7E5E-4BE0-B536-C007F9B96728}.Debug|Any CPU.ActiveCfg = Debug|Any CPU
		{F39DEDDA-7E5E-4BE0-B536-C007F9B96728}.Debug|Any CPU.Build.0 = Debug|Any CPU
		{F39DEDDA-7E5E-4BE0-B536-C007F9B96728}.Release|Any CPU.ActiveCfg = Release|Any CPU
		{F39DEDDA-7E5E-4BE0-B536-C007F9B96728}.Release|Any CPU.Build.0 = Release|Any CPU
	EndGlobalSection
	GlobalSection(SolutionProperties) = preSolution
		HideSolutionNode = FALSE
	EndGlobalSection
	GlobalSection(ExtensibilityGlobals) = postSolution
		SolutionGuid = {81CFD274-4817-4973-98E1-FB10681886F2}
	EndGlobalSection
EndGlobal
