
Microsoft Visual Studio Solution File, Format Version 12.00
# Visual Studio Version 17
VisualStudioVersion = 17.4.33103.184
MinimumVisualStudioVersion = 10.0.40219.1
Project("{FAE04EC0-301F-11D3-BF4B-00C04F79EFBC}") = "Ex24", "Ex24.csproj", "{B445D463-B84E-4B87-9784-C5B6CB9B40EA}"
EndProject
Global
	GlobalSection(SolutionConfigurationPlatforms) = preSolution
		Debug|Any CPU = Debug|Any CPU
		Release|Any CPU = Release|Any CPU
	EndGlobalSection
	GlobalSection(ProjectConfigurationPlatforms) = postSolution
		{B445D463-B84E-4B87-9784-C5B6CB9B40EA}.Debug|Any CPU.ActiveCfg = Debug|Any CPU
		{B445D463-B84E-4B87-9784-C5B6CB9B40EA}.Debug|Any CPU.Build.0 = Debug|Any CPU
		{B445D463-B84E-4B87-9784-C5B6CB9B40EA}.Release|Any CPU.ActiveCfg = Release|Any CPU
		{B445D463-B84E-4B87-9784-C5B6CB9B40EA}.Release|Any CPU.Build.0 = Release|Any CPU
	EndGlobalSection
	GlobalSection(SolutionProperties) = preSolution
		HideSolutionNode = FALSE
	EndGlobalSection
	GlobalSection(ExtensibilityGlobals) = postSolution
		SolutionGuid = {E3D3EC88-B84C-402C-A3C2-257598DC38BA}
	EndGlobalSection
EndGlobal
